
Microsoft Visual Studio Solution File, Format Version 12.00
# Visual Studio Version 17
VisualStudioVersion = 17.8.34601.278
MinimumVisualStudioVersion = 10.0.40219.1
Project("{FAE04EC0-301F-11D3-BF4B-00C04F79EFBC}") = "BubbleSortConsole", "BubbleSortConsole.csproj", "{4C735EAF-3D80-4316-97AD-07BD2D67CBC0}"
EndProject
Global
	GlobalSection(SolutionConfigurationPlatforms) = preSolution
		Debug|Any CPU = Debug|Any CPU
		Release|Any CPU = Release|Any CPU
	EndGlobalSection
	GlobalSection(ProjectConfigurationPlatforms) = postSolution
		{4C735EAF-3D80-4316-97AD-07BD2D67CBC0}.Debug|Any CPU.ActiveCfg = Debug|Any CPU
		{4C735EAF-3D80-4316-97AD-07BD2D67CBC0}.Debug|Any CPU.Build.0 = Debug|Any CPU
		{4C735EAF-3D80-4316-97AD-07BD2D67CBC0}.Release|Any CPU.ActiveCfg = Release|Any CPU
		{4C735EAF-3D80-4316-97AD-07BD2D67CBC0}.Release|Any CPU.Build.0 = Release|Any CPU
	EndGlobalSection
	GlobalSection(SolutionProperties) = preSolution
		HideSolutionNode = FALSE
	EndGlobalSection
	GlobalSection(ExtensibilityGlobals) = postSolution
		SolutionGuid = {212B26F4-516B-474C-A367-372C8B57CE64}
	EndGlobalSection
EndGlobal
