
Microsoft Visual Studio Solution File, Format Version 12.00
# Visual Studio Version 17
VisualStudioVersion = 17.8.34511.84
MinimumVisualStudioVersion = 10.0.40219.1
Project("{FAE04EC0-301F-11D3-BF4B-00C04F79EFBC}") = "CSharpCompPracTest", "CSharpCompPracTest.csproj", "{665CFBBD-E870-4EFD-A309-7382D0369865}"
EndProject
Global
	GlobalSection(SolutionConfigurationPlatforms) = preSolution
		Debug|Any CPU = Debug|Any CPU
		Release|Any CPU = Release|Any CPU
	EndGlobalSection
	GlobalSection(ProjectConfigurationPlatforms) = postSolution
		{665CFBBD-E870-4EFD-A309-7382D0369865}.Debug|Any CPU.ActiveCfg = Debug|Any CPU
		{665CFBBD-E870-4EFD-A309-7382D0369865}.Debug|Any CPU.Build.0 = Debug|Any CPU
		{665CFBBD-E870-4EFD-A309-7382D0369865}.Release|Any CPU.ActiveCfg = Release|Any CPU
		{665CFBBD-E870-4EFD-A309-7382D0369865}.Release|Any CPU.Build.0 = Release|Any CPU
	EndGlobalSection
	GlobalSection(SolutionProperties) = preSolution
		HideSolutionNode = FALSE
	EndGlobalSection
	GlobalSection(ExtensibilityGlobals) = postSolution
		SolutionGuid = {F157EB0E-57B4-4ECB-81A2-305FC790CE1C}
	EndGlobalSection
EndGlobal
