
Microsoft Visual Studio Solution File, Format Version 12.00
# Visual Studio Version 17
VisualStudioVersion = 17.8.34601.278
MinimumVisualStudioVersion = 10.0.40219.1
Project("{FAE04EC0-301F-11D3-BF4B-00C04F79EFBC}") = "CS_REG_98_7654_3210", "CS_REG_98_7654_3210.csproj", "{115D40BB-DC07-45F5-9FF5-C4F70D34CF50}"
EndProject
Global
	GlobalSection(SolutionConfigurationPlatforms) = preSolution
		Debug|Any CPU = Debug|Any CPU
		Release|Any CPU = Release|Any CPU
	EndGlobalSection
	GlobalSection(ProjectConfigurationPlatforms) = postSolution
		{115D40BB-DC07-45F5-9FF5-C4F70D34CF50}.Debug|Any CPU.ActiveCfg = Debug|Any CPU
		{115D40BB-DC07-45F5-9FF5-C4F70D34CF50}.Debug|Any CPU.Build.0 = Debug|Any CPU
		{115D40BB-DC07-45F5-9FF5-C4F70D34CF50}.Release|Any CPU.ActiveCfg = Release|Any CPU
		{115D40BB-DC07-45F5-9FF5-C4F70D34CF50}.Release|Any CPU.Build.0 = Release|Any CPU
	EndGlobalSection
	GlobalSection(SolutionProperties) = preSolution
		HideSolutionNode = FALSE
	EndGlobalSection
	GlobalSection(ExtensibilityGlobals) = postSolution
		SolutionGuid = {D34800E2-0E79-400E-B965-683761EC2D4D}
	EndGlobalSection
EndGlobal
