
Microsoft Visual Studio Solution File, Format Version 12.00
# Visual Studio Version 17
VisualStudioVersion = 17.8.34511.84
MinimumVisualStudioVersion = 10.0.40219.1
Project("{FAE04EC0-301F-11D3-BF4B-00C04F79EFBC}") = "LoginFormApp", "LoginFormApp.csproj", "{37619576-1EF7-425A-B4E6-A1B7F112980D}"
EndProject
Global
	GlobalSection(SolutionConfigurationPlatforms) = preSolution
		Debug|Any CPU = Debug|Any CPU
		Release|Any CPU = Release|Any CPU
	EndGlobalSection
	GlobalSection(ProjectConfigurationPlatforms) = postSolution
		{37619576-1EF7-425A-B4E6-A1B7F112980D}.Debug|Any CPU.ActiveCfg = Debug|Any CPU
		{37619576-1EF7-425A-B4E6-A1B7F112980D}.Debug|Any CPU.Build.0 = Debug|Any CPU
		{37619576-1EF7-425A-B4E6-A1B7F112980D}.Release|Any CPU.ActiveCfg = Release|Any CPU
		{37619576-1EF7-425A-B4E6-A1B7F112980D}.Release|Any CPU.Build.0 = Release|Any CPU
	EndGlobalSection
	GlobalSection(SolutionProperties) = preSolution
		HideSolutionNode = FALSE
	EndGlobalSection
	GlobalSection(ExtensibilityGlobals) = postSolution
		SolutionGuid = {67DFD479-96EC-48F0-8A87-E65D9F24A4E4}
	EndGlobalSection
EndGlobal
