
Microsoft Visual Studio Solution File, Format Version 12.00
# Visual Studio Version 17
VisualStudioVersion = 17.8.34601.278
MinimumVisualStudioVersion = 10.0.40219.1
Project("{FAE04EC0-301F-11D3-BF4B-00C04F79EFBC}") = "TypeSpeedTester", "TypeSpeedTester.csproj", "{D970216F-21ED-4531-AC04-EFC25E53D58E}"
EndProject
Global
	GlobalSection(SolutionConfigurationPlatforms) = preSolution
		Debug|Any CPU = Debug|Any CPU
		Release|Any CPU = Release|Any CPU
	EndGlobalSection
	GlobalSection(ProjectConfigurationPlatforms) = postSolution
		{D970216F-21ED-4531-AC04-EFC25E53D58E}.Debug|Any CPU.ActiveCfg = Debug|Any CPU
		{D970216F-21ED-4531-AC04-EFC25E53D58E}.Debug|Any CPU.Build.0 = Debug|Any CPU
		{D970216F-21ED-4531-AC04-EFC25E53D58E}.Release|Any CPU.ActiveCfg = Release|Any CPU
		{D970216F-21ED-4531-AC04-EFC25E53D58E}.Release|Any CPU.Build.0 = Release|Any CPU
	EndGlobalSection
	GlobalSection(SolutionProperties) = preSolution
		HideSolutionNode = FALSE
	EndGlobalSection
	GlobalSection(ExtensibilityGlobals) = postSolution
		SolutionGuid = {CDE9715E-33F4-4C41-9B9A-2BF83C015B69}
	EndGlobalSection
EndGlobal
