
Microsoft Visual Studio Solution File, Format Version 12.00
# Visual Studio Version 17
VisualStudioVersion = 17.8.34601.278
MinimumVisualStudioVersion = 10.0.40219.1
Project("{FAE04EC0-301F-11D3-BF4B-00C04F79EFBC}") = "AimTrainer", "AimTrainer.csproj", "{A9CFE0AE-8DD7-4D5A-A976-297673C4B17D}"
EndProject
Global
	GlobalSection(SolutionConfigurationPlatforms) = preSolution
		Debug|Any CPU = Debug|Any CPU
		Release|Any CPU = Release|Any CPU
	EndGlobalSection
	GlobalSection(ProjectConfigurationPlatforms) = postSolution
		{A9CFE0AE-8DD7-4D5A-A976-297673C4B17D}.Debug|Any CPU.ActiveCfg = Debug|Any CPU
		{A9CFE0AE-8DD7-4D5A-A976-297673C4B17D}.Debug|Any CPU.Build.0 = Debug|Any CPU
		{A9CFE0AE-8DD7-4D5A-A976-297673C4B17D}.Release|Any CPU.ActiveCfg = Release|Any CPU
		{A9CFE0AE-8DD7-4D5A-A976-297673C4B17D}.Release|Any CPU.Build.0 = Release|Any CPU
	EndGlobalSection
	GlobalSection(SolutionProperties) = preSolution
		HideSolutionNode = FALSE
	EndGlobalSection
	GlobalSection(ExtensibilityGlobals) = postSolution
		SolutionGuid = {E76DEE97-172E-43D8-93EC-1C4FFA768288}
	EndGlobalSection
EndGlobal
