
Microsoft Visual Studio Solution File, Format Version 12.00
# Visual Studio Version 17
VisualStudioVersion = 17.8.34601.278
MinimumVisualStudioVersion = 10.0.40219.1
Project("{FAE04EC0-301F-11D3-BF4B-00C04F79EFBC}") = "HornetShooterN", "HornetShooterN.csproj", "{7562D48B-6D45-4ECE-AD0E-14FDDA764FBA}"
EndProject
Global
	GlobalSection(SolutionConfigurationPlatforms) = preSolution
		Debug|Any CPU = Debug|Any CPU
		Release|Any CPU = Release|Any CPU
	EndGlobalSection
	GlobalSection(ProjectConfigurationPlatforms) = postSolution
		{7562D48B-6D45-4ECE-AD0E-14FDDA764FBA}.Debug|Any CPU.ActiveCfg = Debug|Any CPU
		{7562D48B-6D45-4ECE-AD0E-14FDDA764FBA}.Debug|Any CPU.Build.0 = Debug|Any CPU
		{7562D48B-6D45-4ECE-AD0E-14FDDA764FBA}.Release|Any CPU.ActiveCfg = Release|Any CPU
		{7562D48B-6D45-4ECE-AD0E-14FDDA764FBA}.Release|Any CPU.Build.0 = Release|Any CPU
	EndGlobalSection
	GlobalSection(SolutionProperties) = preSolution
		HideSolutionNode = FALSE
	EndGlobalSection
	GlobalSection(ExtensibilityGlobals) = postSolution
		SolutionGuid = {EC6E29CC-CD30-4A72-BC11-550BC5E9DFA6}
	EndGlobalSection
EndGlobal
