
Microsoft Visual Studio Solution File, Format Version 12.00
# Visual Studio Version 17
VisualStudioVersion = 17.8.34601.278
MinimumVisualStudioVersion = 10.0.40219.1
Project("{9A19103F-16F7-4668-BE54-9A1E7A4F7556}") = "HornetShooter", "HornetShooter.csproj", "{1218CF51-9DEB-472C-8BFD-20815FE5D608}"
EndProject
Global
	GlobalSection(SolutionConfigurationPlatforms) = preSolution
		Debug|Any CPU = Debug|Any CPU
		Release|Any CPU = Release|Any CPU
	EndGlobalSection
	GlobalSection(ProjectConfigurationPlatforms) = postSolution
		{1218CF51-9DEB-472C-8BFD-20815FE5D608}.Debug|Any CPU.ActiveCfg = Debug|Any CPU
		{1218CF51-9DEB-472C-8BFD-20815FE5D608}.Debug|Any CPU.Build.0 = Debug|Any CPU
		{1218CF51-9DEB-472C-8BFD-20815FE5D608}.Release|Any CPU.ActiveCfg = Release|Any CPU
		{1218CF51-9DEB-472C-8BFD-20815FE5D608}.Release|Any CPU.Build.0 = Release|Any CPU
	EndGlobalSection
	GlobalSection(SolutionProperties) = preSolution
		HideSolutionNode = FALSE
	EndGlobalSection
	GlobalSection(ExtensibilityGlobals) = postSolution
		SolutionGuid = {C4F2ED1D-696E-4E64-BF53-FA4B3ABD5D21}
	EndGlobalSection
EndGlobal
