
Microsoft Visual Studio Solution File, Format Version 12.00
# Visual Studio Version 17
VisualStudioVersion = 17.8.34511.84
MinimumVisualStudioVersion = 10.0.40219.1
Project("{FAE04EC0-301F-11D3-BF4B-00C04F79EFBC}") = "GradeBookApp", "GradeBookApp.csproj", "{7EC1C902-E646-406C-BD73-2576DDD7F974}"
EndProject
Global
	GlobalSection(SolutionConfigurationPlatforms) = preSolution
		Debug|Any CPU = Debug|Any CPU
		Release|Any CPU = Release|Any CPU
	EndGlobalSection
	GlobalSection(ProjectConfigurationPlatforms) = postSolution
		{7EC1C902-E646-406C-BD73-2576DDD7F974}.Debug|Any CPU.ActiveCfg = Debug|Any CPU
		{7EC1C902-E646-406C-BD73-2576DDD7F974}.Debug|Any CPU.Build.0 = Debug|Any CPU
		{7EC1C902-E646-406C-BD73-2576DDD7F974}.Release|Any CPU.ActiveCfg = Release|Any CPU
		{7EC1C902-E646-406C-BD73-2576DDD7F974}.Release|Any CPU.Build.0 = Release|Any CPU
	EndGlobalSection
	GlobalSection(SolutionProperties) = preSolution
		HideSolutionNode = FALSE
	EndGlobalSection
	GlobalSection(ExtensibilityGlobals) = postSolution
		SolutionGuid = {06747254-6A66-410A-A7EF-FF7FDC471D55}
	EndGlobalSection
EndGlobal
